
Microsoft Visual Studio Solution File, Format Version 12.00
# Visual Studio Version 17
VisualStudioVersion = 17.0.31903.59
MinimumVisualStudioVersion = 10.0.40219.1
Project("{FAE04EC0-301F-11D3-BF4B-00C04F79EFBC}") = "GloryDesk.Shared", "GloryDesk.Shared\GloryDesk.Shared.csproj", "{7C31C4E8-CCDE-4CA9-B3B9-6CB717249CC4}"
EndProject
Project("{FAE04EC0-301F-11D3-BF4B-00C04F79EFBC}") = "GloryDesk.Desktop", "GloryDesk.Desktop\GloryDesk.Desktop.csproj", "{B9DDB5DC-7B5F-4451-B360-2DBF0B7FB545}"
EndProject
Project("{FAE04EC0-301F-11D3-BF4B-00C04F79EFBC}") = "GloryDesk.Browser", "GloryDesk.Browser\GloryDesk.Browser.csproj", "{DBB3C2B4-67B3-46EE-9BBA-51105BC75A38}"
EndProject
Project("{FAE04EC0-301F-11D3-BF4B-00C04F79EFBC}") = "GloryDesk.Tests", "GloryDesk.Tests\GloryDesk.Tests.csproj", "{238587F1-B3D0-4DEF-97DF-697708AAC743}"
EndProject
Global
	GlobalSection(SolutionConfigurationPlatforms) = preSolution
		Debug|Any CPU = Debug|Any CPU
		Debug|x64 = Debug|x64
		Debug|x86 = Debug|x86
		Release|Any CPU = Release|Any CPU
		Release|x64 = Release|x64
		Release|x86 = Release|x86
	EndGlobalSection
	GlobalSection(ProjectConfigurationPlatforms) = postSolution
		{7C31C4E8-CCDE-4CA9-B3B9-6CB717249CC4}.Debug|Any CPU.ActiveCfg = Debug|Any CPU
		{7C31C4E8-CCDE-4CA9-B3B9-6CB717249CC4}.Debug|Any CPU.Build.0 = Debug|Any CPU
		{7C31C4E8-CCDE-4CA9-B3B9-6CB717249CC4}.Debug|x64.ActiveCfg = Debug|Any CPU
		{7C31C4E8-CCDE-4CA9-B3B9-6CB717249CC4}.Debug|x64.Build.0 = Debug|Any CPU
		{7C31C4E8-CCDE-4CA9-B3B9-6CB717249CC4}.Debug|x86.ActiveCfg = Debug|Any CPU
		{7C31C4E8-CCDE-4CA9-B3B9-6CB717249CC4}.Debug|x86.Build.0 = Debug|Any CPU
		{7C31C4E8-CCDE-4CA9-B3B9-6CB717249CC4}.Release|Any CPU.ActiveCfg = Release|Any CPU
		{7C31C4E8-CCDE-4CA9-B3B9-6CB717249CC4}.Release|Any CPU.Build.0 = Release|Any CPU
		{7C31C4E8-CCDE-4CA9-B3B9-6CB717249CC4}.Release|x64.ActiveCfg = Release|Any CPU
		{7C31C4E8-CCDE-4CA9-B3B9-6CB717249CC4}.Release|x64.Build.0 = Release|Any CPU
		{7C31C4E8-CCDE-4CA9-B3B9-6CB717249CC4}.Release|x86.ActiveCfg = Release|Any CPU
		{7C31C4E8-CCDE-4CA9-B3B9-6CB717249CC4}.Release|x86.Build.0 = Release|Any CPU
		{B9DDB5DC-7B5F-4451-B360-2DBF0B7FB545}.Debug|Any CPU.ActiveCfg = Debug|Any CPU
		{B9DDB5DC-7B5F-4451-B360-2DBF0B7FB545}.Debug|Any CPU.Build.0 = Debug|Any CPU
		{B9DDB5DC-7B5F-4451-B360-2DBF0B7FB545}.Debug|x64.ActiveCfg = Debug|Any CPU
		{B9DDB5DC-7B5F-4451-B360-2DBF0B7FB545}.Debug|x64.Build.0 = Debug|Any CPU
		{B9DDB5DC-7B5F-4451-B360-2DBF0B7FB545}.Debug|x86.ActiveCfg = Debug|Any CPU
		{B9DDB5DC-7B5F-4451-B360-2DBF0B7FB545}.Debug|x86.Build.0 = Debug|Any CPU
		{B9DDB5DC-7B5F-4451-B360-2DBF0B7FB545}.Release|Any CPU.ActiveCfg = Release|Any CPU
		{B9DDB5DC-7B5F-4451-B360-2DBF0B7FB545}.Release|Any CPU.Build.0 = Release|Any CPU
		{B9DDB5DC-7B5F-4451-B360-2DBF0B7FB545}.Release|x64.ActiveCfg = Release|Any CPU
		{B9DDB5DC-7B5F-4451-B360-2DBF0B7FB545}.Release|x64.Build.0 = Release|Any CPU
		{B9DDB5DC-7B5F-4451-B360-2DBF0B7FB545}.Release|x86.ActiveCfg = Release|Any CPU
		{B9DDB5DC-7B5F-4451-B360-2DBF0B7FB545}.Release|x86.Build.0 = Release|Any CPU
		{DBB3C2B4-67B3-46EE-9BBA-51105BC75A38}.Debug|Any CPU.ActiveCfg = Debug|Any CPU
		{DBB3C2B4-67B3-46EE-9BBA-51105BC75A38}.Debug|Any CPU.Build.0 = Debug|Any CPU
		{DBB3C2B4-67B3-46EE-9BBA-51105BC75A38}.Debug|x64.ActiveCfg = Debug|Any CPU
		{DBB3C2B4-67B3-46EE-9BBA-51105BC75A38}.Debug|x64.Build.0 = Debug|Any CPU
		{DBB3C2B4-67B3-46EE-9BBA-51105BC75A38}.Debug|x86.ActiveCfg = Debug|Any CPU
		{DBB3C2B4-67B3-46EE-9BBA-51105BC75A38}.Debug|x86.Build.0 = Debug|Any CPU
		{DBB3C2B4-67B3-46EE-9BBA-51105BC75A38}.Release|Any CPU.ActiveCfg = Release|Any CPU
		{DBB3C2B4-67B3-46EE-9BBA-51105BC75A38}.Release|Any CPU.Build.0 = Release|Any CPU
		{DBB3C2B4-67B3-46EE-9BBA-51105BC75A38}.Release|x64.ActiveCfg = Release|Any CPU
		{DBB3C2B4-67B3-46EE-9BBA-51105BC75A38}.Release|x64.Build.0 = Release|Any CPU
		{DBB3C2B4-67B3-46EE-9BBA-51105BC75A38}.Release|x86.ActiveCfg = Release|Any CPU
		{DBB3C2B4-67B3-46EE-9BBA-51105BC75A38}.Release|x86.Build.0 = Release|Any CPU
		{238587F1-B3D0-4DEF-97DF-697708AAC743}.Debug|Any CPU.ActiveCfg = Debug|Any CPU
		{238587F1-B3D0-4DEF-97DF-697708AAC743}.Debug|Any CPU.Build.0 = Debug|Any CPU
		{238587F1-B3D0-4DEF-97DF-697708AAC743}.Debug|x64.ActiveCfg = Debug|Any CPU
		{238587F1-B3D0-4DEF-97DF-697708AAC743}.Debug|x64.Build.0 = Debug|Any CPU
		{238587F1-B3D0-4DEF-97DF-697708AAC743}.Debug|x86.ActiveCfg = Debug|Any CPU
		{238587F1-B3D0-4DEF-97DF-697708AAC743}.Debug|x86.Build.0 = Debug|Any CPU
		{238587F1-B3D0-4DEF-97DF-697708AAC743}.Release|Any CPU.ActiveCfg = Release|Any CPU
		{238587F1-B3D0-4DEF-97DF-697708AAC743}.Release|Any CPU.Build.0 = Release|Any CPU
		{238587F1-B3D0-4DEF-97DF-697708AAC743}.Release|x64.ActiveCfg = Release|Any CPU
		{238587F1-B3D0-4DEF-97DF-697708AAC743}.Release|x64.Build.0 = Release|Any CPU
		{238587F1-B3D0-4DEF-97DF-697708AAC743}.Release|x86.ActiveCfg = Release|Any CPU
		{238587F1-B3D0-4DEF-97DF-697708AAC743}.Release|x86.Build.0 = Release|Any CPU
	EndGlobalSection
	GlobalSection(SolutionProperties) = preSolution
		HideSolutionNode = FALSE
	EndGlobalSection
EndGlobal
